
Microsoft Visual Studio Solution File, Format Version 12.00
# Visual Studio 15
VisualStudioVersion = 15.0.33026.149
MinimumVisualStudioVersion = 10.0.40219.1
Project("{FAE04EC0-301F-11D3-BF4B-00C04F79EFBC}") = "ConsoleAppWalkerGame", "ConsoleAppWalkerGame\ConsoleAppWalkerGame.csproj", "{6667E453-322A-4393-B9B6-A3110C70431F}"
EndProject
Global
	GlobalSection(SolutionConfigurationPlatforms) = preSolution
		Debug|Any CPU = Debug|Any CPU
		Release|Any CPU = Release|Any CPU
	EndGlobalSection
	GlobalSection(ProjectConfigurationPlatforms) = postSolution
		{6667E453-322A-4393-B9B6-A3110C70431F}.Debug|Any CPU.ActiveCfg = Debug|Any CPU
		{6667E453-322A-4393-B9B6-A3110C70431F}.Debug|Any CPU.Build.0 = Debug|Any CPU
		{6667E453-322A-4393-B9B6-A3110C70431F}.Release|Any CPU.ActiveCfg = Release|Any CPU
		{6667E453-322A-4393-B9B6-A3110C70431F}.Release|Any CPU.Build.0 = Release|Any CPU
	EndGlobalSection
	GlobalSection(SolutionProperties) = preSolution
		HideSolutionNode = FALSE
	EndGlobalSection
	GlobalSection(ExtensibilityGlobals) = postSolution
		SolutionGuid = {E0FCD5C6-2E4C-4714-8413-D2111BA057F7}
	EndGlobalSection
EndGlobal
